
Microsoft Visual Studio Solution File, Format Version 12.00
# Visual Studio Version 17
VisualStudioVersion = 17.1.32228.430
MinimumVisualStudioVersion = 10.0.40219.1
Project("{FAE04EC0-301F-11D3-BF4B-00C04F79EFBC}") = "JSMS", "JSMS\JSMS.csproj", "{6AB51183-E3DB-429F-B25D-E6B69BFBE28C}"
EndProject
Global
	GlobalSection(SolutionConfigurationPlatforms) = preSolution
		Debug|Any CPU = Debug|Any CPU
		Release|Any CPU = Release|Any CPU
	EndGlobalSection
	GlobalSection(ProjectConfigurationPlatforms) = postSolution
		{6AB51183-E3DB-429F-B25D-E6B69BFBE28C}.Debug|Any CPU.ActiveCfg = Debug|Any CPU
		{6AB51183-E3DB-429F-B25D-E6B69BFBE28C}.Debug|Any CPU.Build.0 = Debug|Any CPU
		{6AB51183-E3DB-429F-B25D-E6B69BFBE28C}.Release|Any CPU.ActiveCfg = Release|Any CPU
		{6AB51183-E3DB-429F-B25D-E6B69BFBE28C}.Release|Any CPU.Build.0 = Release|Any CPU
	EndGlobalSection
	GlobalSection(SolutionProperties) = preSolution
		HideSolutionNode = FALSE
	EndGlobalSection
	GlobalSection(ExtensibilityGlobals) = postSolution
		SolutionGuid = {D910CF6B-59B7-4B5C-87BC-B68FB833092A}
	EndGlobalSection
EndGlobal
